
Microsoft Visual Studio Solution File, Format Version 12.00
Project("{FAE04EC0-301F-11D3-BF4B-00C04F79EFBC}") = "Food_Delivery_API", "Food_Delivery_API\Food_Delivery_API.csproj", "{4E6F3D14-EF4A-434D-B5B6-9E99FA2A8193}"
EndProject
Project("{FAE04EC0-301F-11D3-BF4B-00C04F79EFBC}") = "Clean.Application", "Clean.Application\Clean.Application.csproj", "{CFAC9AED-8332-4E1B-BAED-F80094DD3746}"
EndProject
Project("{FAE04EC0-301F-11D3-BF4B-00C04F79EFBC}") = "Clean.Domain", "Clean.Domain\Clean.Domain.csproj", "{8AF255FE-2552-4CDD-822C-4D839545BAEA}"
EndProject
Project("{FAE04EC0-301F-11D3-BF4B-00C04F79EFBC}") = "Clean.Infrastructure", "Clean.Infrastructure\Clean.Infrastructure.csproj", "{CA29E252-AC27-4E97-97CC-4E93B7CAF1E2}"
EndProject
Global
	GlobalSection(SolutionConfigurationPlatforms) = preSolution
		Debug|Any CPU = Debug|Any CPU
		Release|Any CPU = Release|Any CPU
	EndGlobalSection
	GlobalSection(ProjectConfigurationPlatforms) = postSolution
		{4E6F3D14-EF4A-434D-B5B6-9E99FA2A8193}.Debug|Any CPU.ActiveCfg = Debug|Any CPU
		{4E6F3D14-EF4A-434D-B5B6-9E99FA2A8193}.Debug|Any CPU.Build.0 = Debug|Any CPU
		{4E6F3D14-EF4A-434D-B5B6-9E99FA2A8193}.Release|Any CPU.ActiveCfg = Release|Any CPU
		{4E6F3D14-EF4A-434D-B5B6-9E99FA2A8193}.Release|Any CPU.Build.0 = Release|Any CPU
		{CFAC9AED-8332-4E1B-BAED-F80094DD3746}.Debug|Any CPU.ActiveCfg = Debug|Any CPU
		{CFAC9AED-8332-4E1B-BAED-F80094DD3746}.Debug|Any CPU.Build.0 = Debug|Any CPU
		{CFAC9AED-8332-4E1B-BAED-F80094DD3746}.Release|Any CPU.ActiveCfg = Release|Any CPU
		{CFAC9AED-8332-4E1B-BAED-F80094DD3746}.Release|Any CPU.Build.0 = Release|Any CPU
		{8AF255FE-2552-4CDD-822C-4D839545BAEA}.Debug|Any CPU.ActiveCfg = Debug|Any CPU
		{8AF255FE-2552-4CDD-822C-4D839545BAEA}.Debug|Any CPU.Build.0 = Debug|Any CPU
		{8AF255FE-2552-4CDD-822C-4D839545BAEA}.Release|Any CPU.ActiveCfg = Release|Any CPU
		{8AF255FE-2552-4CDD-822C-4D839545BAEA}.Release|Any CPU.Build.0 = Release|Any CPU
		{CA29E252-AC27-4E97-97CC-4E93B7CAF1E2}.Debug|Any CPU.ActiveCfg = Debug|Any CPU
		{CA29E252-AC27-4E97-97CC-4E93B7CAF1E2}.Debug|Any CPU.Build.0 = Debug|Any CPU
		{CA29E252-AC27-4E97-97CC-4E93B7CAF1E2}.Release|Any CPU.ActiveCfg = Release|Any CPU
		{CA29E252-AC27-4E97-97CC-4E93B7CAF1E2}.Release|Any CPU.Build.0 = Release|Any CPU
	EndGlobalSection
EndGlobal
